
Microsoft Visual Studio Solution File, Format Version 12.00
# Visual Studio 15
VisualStudioVersion = 15.0.27703.2026
MinimumVisualStudioVersion = 10.0.40219.1
Project("{FAE04EC0-301F-11D3-BF4B-00C04F79EFBC}") = "InterfazBonitaEpicor", "InterfazBonitaEpicor\InterfazBonitaEpicor.csproj", "{B76C4B28-B7B5-41E8-82B0-736A9CF3BB3F}"
EndProject
Project("{FAE04EC0-301F-11D3-BF4B-00C04F79EFBC}") = "Epicor10", "Epicor10\Epicor10.csproj", "{B2D014BD-835F-4727-A307-2DD8422F1B3E}"
EndProject
Project("{FAE04EC0-301F-11D3-BF4B-00C04F79EFBC}") = "Utilities", "Utilities\Utilities.csproj", "{BE713D45-0A1A-49ED-BC94-CB2F100FCACF}"
EndProject
Global
	GlobalSection(SolutionConfigurationPlatforms) = preSolution
		Debug|Any CPU = Debug|Any CPU
		Release|Any CPU = Release|Any CPU
	EndGlobalSection
	GlobalSection(ProjectConfigurationPlatforms) = postSolution
		{B76C4B28-B7B5-41E8-82B0-736A9CF3BB3F}.Debug|Any CPU.ActiveCfg = Debug|Any CPU
		{B76C4B28-B7B5-41E8-82B0-736A9CF3BB3F}.Debug|Any CPU.Build.0 = Debug|Any CPU
		{B76C4B28-B7B5-41E8-82B0-736A9CF3BB3F}.Release|Any CPU.ActiveCfg = Release|Any CPU
		{B76C4B28-B7B5-41E8-82B0-736A9CF3BB3F}.Release|Any CPU.Build.0 = Release|Any CPU
		{B2D014BD-835F-4727-A307-2DD8422F1B3E}.Debug|Any CPU.ActiveCfg = Debug|Any CPU
		{B2D014BD-835F-4727-A307-2DD8422F1B3E}.Debug|Any CPU.Build.0 = Debug|Any CPU
		{B2D014BD-835F-4727-A307-2DD8422F1B3E}.Release|Any CPU.ActiveCfg = Release|Any CPU
		{B2D014BD-835F-4727-A307-2DD8422F1B3E}.Release|Any CPU.Build.0 = Release|Any CPU
		{BE713D45-0A1A-49ED-BC94-CB2F100FCACF}.Debug|Any CPU.ActiveCfg = Debug|Any CPU
		{BE713D45-0A1A-49ED-BC94-CB2F100FCACF}.Debug|Any CPU.Build.0 = Debug|Any CPU
		{BE713D45-0A1A-49ED-BC94-CB2F100FCACF}.Release|Any CPU.ActiveCfg = Release|Any CPU
		{BE713D45-0A1A-49ED-BC94-CB2F100FCACF}.Release|Any CPU.Build.0 = Release|Any CPU
	EndGlobalSection
	GlobalSection(SolutionProperties) = preSolution
		HideSolutionNode = FALSE
	EndGlobalSection
	GlobalSection(ExtensibilityGlobals) = postSolution
		SolutionGuid = {9B930A1C-BCA2-4EF0-9D00-90F90C7D22DB}
	EndGlobalSection
EndGlobal
